speakeasyVersion: 1.800.1
sources:
    OpenRouter API:
        sourceNamespace: open-router-api
        sourceRevisionDigest: sha256:cfead9a1867e049aec96e15bd94771225b3977a7de0c7a87ae0cf6a52c2a3aae
        sourceBlobDigest: sha256:1a79bf72b2d289abc2b9f2c44b2119e4fdcf4f8abc72ed5fa58c15df8a240a19
        tags:
            - latest
            - 1.0.0
targets:
    open-router:
        source: OpenRouter API
        sourceNamespace: open-router-api
        sourceRevisionDigest: sha256:cfead9a1867e049aec96e15bd94771225b3977a7de0c7a87ae0cf6a52c2a3aae
        sourceBlobDigest: sha256:1a79bf72b2d289abc2b9f2c44b2119e4fdcf4f8abc72ed5fa58c15df8a240a19
workflow:
    workflowVersion: 1.0.0
    speakeasyVersion: latest
    sources:
        OpenRouter API:
            inputs:
                - location: .speakeasy/in.openapi.yaml
            overlays:
                - location: .speakeasy/private-endpoints-overlay.yaml
                - location: .speakeasy/speakeasy-modifications-overlay.yaml
                - location: .speakeasy/terraform-entities-overlay.yaml
            output: .speakeasy/out.openapi.yaml
            registry:
                location: registry.speakeasyapi.dev/openrouter/sdk/open-router-api
    targets:
        open-router:
            target: terraform
            source: OpenRouter API
