speakeasyVersion: 1.791.3
sources:
    OpenRouter API:
        sourceNamespace: open-router-api
        sourceRevisionDigest: sha256:59cf62554ea7a30773a92ab984e03fa6a2b2372f859e2dcbf9cdedb1b6bd0955
        sourceBlobDigest: sha256:7007a56497a6e9302cc43a3d3bb7b4cb1fb0e447bb3bee209a7f8eb4a6e4bd4b
        tags:
            - latest
            - 1.0.0
targets:
    open-router:
        source: OpenRouter API
        sourceNamespace: open-router-api
        sourceRevisionDigest: sha256:59cf62554ea7a30773a92ab984e03fa6a2b2372f859e2dcbf9cdedb1b6bd0955
        sourceBlobDigest: sha256:7007a56497a6e9302cc43a3d3bb7b4cb1fb0e447bb3bee209a7f8eb4a6e4bd4b
workflow:
    workflowVersion: 1.0.0
    speakeasyVersion: latest
    sources:
        OpenRouter API:
            inputs:
                - location: .speakeasy/in.openapi.yaml
            overlays:
                - location: .speakeasy/speakeasy-modifications-overlay.yaml
                - location: .speakeasy/terraform-entities-overlay.yaml
            output: .speakeasy/out.openapi.yaml
            registry:
                location: registry.speakeasyapi.dev/openrouter/sdk/open-router-api
    targets:
        open-router:
            target: terraform
            source: OpenRouter API
