speakeasyVersion: 1.791.0
sources:
    OpenRouter API:
        sourceNamespace: open-router-api
        sourceRevisionDigest: sha256:86f9b7c735beda780eb44cfa264652a9b7122e35ab0925c3ee3927b9b70b8531
        sourceBlobDigest: sha256:a0a8957742f95a9a605478cf36860f6506f4d4d6c1f3e22330fc495054aaa42a
        tags:
            - latest
            - 1.0.0
targets:
    open-router:
        source: OpenRouter API
        sourceNamespace: open-router-api
        sourceRevisionDigest: sha256:86f9b7c735beda780eb44cfa264652a9b7122e35ab0925c3ee3927b9b70b8531
        sourceBlobDigest: sha256:a0a8957742f95a9a605478cf36860f6506f4d4d6c1f3e22330fc495054aaa42a
workflow:
    workflowVersion: 1.0.0
    speakeasyVersion: latest
    sources:
        OpenRouter API:
            inputs:
                - location: .speakeasy/in.openapi.yaml
            overlays:
                - location: .speakeasy/speakeasy-modifications-overlay.yaml
                - location: .speakeasy/terraform-entities-overlay.yaml
            output: .speakeasy/out.openapi.yaml
            registry:
                location: registry.speakeasyapi.dev/openrouter/sdk/open-router-api
    targets:
        open-router:
            target: terraform
            source: OpenRouter API
